
Microsoft Visual Studio Solution File, Format Version 12.00
# Visual Studio Version 17
VisualStudioVersion = 17.14.36212.18 d17.14
MinimumVisualStudioVersion = 10.0.40219.1
Project("{FAE04EC0-301F-11D3-BF4B-00C04F79EFBC}") = "DbDataGenTool", "DbDataGenTool\DbDataGenTool.csproj", "{5B28E002-3711-41FD-8C15-044F427D998E}"
EndProject
Global
	GlobalSection(SolutionConfigurationPlatforms) = preSolution
		Debug|Any CPU = Debug|Any CPU
		Release|Any CPU = Release|Any CPU
	EndGlobalSection
	GlobalSection(ProjectConfigurationPlatforms) = postSolution
		{5B28E002-3711-41FD-8C15-044F427D998E}.Debug|Any CPU.ActiveCfg = Debug|Any CPU
		{5B28E002-3711-41FD-8C15-044F427D998E}.Debug|Any CPU.Build.0 = Debug|Any CPU
		{5B28E002-3711-41FD-8C15-044F427D998E}.Release|Any CPU.ActiveCfg = Release|Any CPU
		{5B28E002-3711-41FD-8C15-044F427D998E}.Release|Any CPU.Build.0 = Release|Any CPU
	EndGlobalSection
	GlobalSection(SolutionProperties) = preSolution
		HideSolutionNode = FALSE
	EndGlobalSection
	GlobalSection(ExtensibilityGlobals) = postSolution
		SolutionGuid = {2E5E2C94-1AE1-4CA7-B162-655EEF53A6A1}
	EndGlobalSection
EndGlobal
